// !$*UTF8*$!
{
	archiveVersion = 1;
	classes = {
	};
	objectVersion = 46;
	objects = {

/* Begin PBXBuildFile section */
		697A6D1A1BDE9A35003581CE /* network_layer.c in Sources */ = {isa = PBXBuildFile; fileRef = 697A6D191BDE9A35003581CE /* network_layer.c */; settings = {ASSET_TAGS = (); }; };
		697A6D1D1BDE9ABD003581CE /* data_link_layer.c in Sources */ = {isa = PBXBuildFile; fileRef = 697A6D1C1BDE9ABD003581CE /* data_link_layer.c */; settings = {ASSET_TAGS = (); }; };
		697A6D1F1BDE9AC9003581CE /* physical_wire.c in Sources */ = {isa = PBXBuildFile; fileRef = 697A6D1E1BDE9AC9003581CE /* physical_wire.c */; settings = {ASSET_TAGS = (); }; };
/* End PBXBuildFile section */

/* Begin PBXCopyFilesBuildPhase section */
		697A6D0D1BDE98BC003581CE /* CopyFiles */ = {
			isa = PBXCopyFilesBuildPhase;
			buildActionMask = 2147483647;
			dstPath = /usr/share/man/man1/;
			dstSubfolderSpec = 0;
			files = (
			);
			runOnlyForDeploymentPostprocessing = 1;
		};
/* End PBXCopyFilesBuildPhase section */

/* Begin PBXFileReference section */
		697A6D0F1BDE98BC003581CE /* CSCI459Assignment4 */ = {isa = PBXFileReference; explicitFileType = "compiled.mach-o.executable"; includeInIndex = 0; path = CSCI459Assignment4; sourceTree = BUILT_PRODUCTS_DIR; };
		697A6D191BDE9A35003581CE /* network_layer.c */ = {isa = PBXFileReference; fileEncoding = 4; lastKnownFileType = sourcecode.c.c; path = network_layer.c; sourceTree = "<group>"; };
		697A6D1B1BDE9A5B003581CE /* structs.h */ = {isa = PBXFileReference; lastKnownFileType = sourcecode.c.h; path = structs.h; sourceTree = "<group>"; };
		697A6D1C1BDE9ABD003581CE /* data_link_layer.c */ = {isa = PBXFileReference; fileEncoding = 4; lastKnownFileType = sourcecode.c.c; path = data_link_layer.c; sourceTree = "<group>"; };
		697A6D1E1BDE9AC9003581CE /* physical_wire.c */ = {isa = PBXFileReference; fileEncoding = 4; lastKnownFileType = sourcecode.c.c; path = physical_wire.c; sourceTree = "<group>"; };
/* End PBXFileReference section */

/* Begin PBXFrameworksBuildPhase section */
		697A6D0C1BDE98BC003581CE /* Frameworks */ = {
			isa = PBXFrameworksBuildPhase;
			buildActionMask = 2147483647;
			files = (
			);
			runOnlyForDeploymentPostprocessing = 0;
		};
/* End PBXFrameworksBuildPhase section */

/* Begin PBXGroup section */
		697A6D061BDE98BC003581CE = {
			isa = PBXGroup;
			children = (
				697A6D111BDE98BC003581CE /* CSCI459Assignment4 */,
				697A6D101BDE98BC003581CE /* Products */,
			);
			sourceTree = "<group>";
		};
		697A6D101BDE98BC003581CE /* Products */ = {
			isa = PBXGroup;
			children = (
				697A6D0F1BDE98BC003581CE /* CSCI459Assignment4 */,
			);
			name = Products;
			sourceTree = "<group>";
		};
		697A6D111BDE98BC003581CE /* CSCI459Assignment4 */ = {
			isa = PBXGroup;
			children = (
				697A6D1C1BDE9ABD003581CE /* data_link_layer.c */,
				697A6D191BDE9A35003581CE /* network_layer.c */,
				697A6D1B1BDE9A5B003581CE /* structs.h */,
				697A6D1E1BDE9AC9003581CE /* physical_wire.c */,
			);
			path = CSCI459Assignment4;
			sourceTree = "<group>";
		};
/* End PBXGroup section */

/* Begin PBXNativeTarget section */
		697A6D0E1BDE98BC003581CE /* CSCI459Assignment4 */ = {
			isa = PBXNativeTarget;
			buildConfigurationList = 697A6D161BDE98BC003581CE /* Build configuration list for PBXNativeTarget "CSCI459Assignment4" */;
			buildPhases = (
				697A6D0B1BDE98BC003581CE /* Sources */,
				697A6D0C1BDE98BC003581CE /* Frameworks */,
				697A6D0D1BDE98BC003581CE /* CopyFiles */,
			);
			buildRules = (
			);
			dependencies = (
			);
			name = CSCI459Assignment4;
			productName = CSCI459Assignment4;
			productReference = 697A6D0F1BDE98BC003581CE /* CSCI459Assignment4 */;
			productType = "com.apple.product-type.tool";
		};
/* End PBXNativeTarget section */

/* Begin PBXProject section */
		697A6D071BDE98BC003581CE /* Project object */ = {
			isa = PBXProject;
			attributes = {
				LastUpgradeCheck = 0700;
				ORGANIZATIONNAME = "Trevor Priestley";
				TargetAttributes = {
					697A6D0E1BDE98BC003581CE = {
						CreatedOnToolsVersion = 7.0.1;
					};
				};
			};
			buildConfigurationList = 697A6D0A1BDE98BC003581CE /* Build configuration list for PBXProject "CSCI459Assignment4" */;
			compatibilityVersion = "Xcode 3.2";
			developmentRegion = English;
			hasScannedForEncodings = 0;
			knownRegions = (
				en,
			);
			mainGroup = 697A6D061BDE98BC003581CE;
			productRefGroup = 697A6D101BDE98BC003581CE /* Products */;
			projectDirPath = "";
			projectRoot = "";
			targets = (
				697A6D0E1BDE98BC003581CE /* CSCI459Assignment4 */,
			);
		};
/* End PBXProject section */

/* Begin PBXSourcesBuildPhase section */
		697A6D0B1BDE98BC003581CE /* Sources */ = {
			isa = PBXSourcesBuildPhase;
			buildActionMask = 2147483647;
			files = (
				697A6D1F1BDE9AC9003581CE /* physical_wire.c in Sources */,
				697A6D1A1BDE9A35003581CE /* network_layer.c in Sources */,
				697A6D1D1BDE9ABD003581CE /* data_link_layer.c in Sources */,
			);
			runOnlyForDeploymentPostprocessing = 0;
		};
/* End PBXSourcesBuildPhase section */

/* Begin XCBuildConfiguration section */
		697A6D141BDE98BC003581CE /* Debug */ = {
			isa = XCBuildConfiguration;
			buildSettings = {
				ALWAYS_SEARCH_USER_PATHS = NO;
				CLANG_CXX_LANGUAGE_STANDARD = "gnu++0x";
				CLANG_CXX_LIBRARY = "libc++";
				CLANG_ENABLE_MODULES = YES;
				CLANG_ENABLE_OBJC_ARC = YES;
				CLANG_WARN_BOOL_CONVERSION = YES;
				CLANG_WARN_CONSTANT_CONVERSION = YES;
				CLANG_WARN_DIRECT_OBJC_ISA_USAGE = YES_ERROR;
				CLANG_WARN_EMPTY_BODY = YES;
				CLANG_WARN_ENUM_CONVERSION = YES;
				CLANG_WARN_INT_CONVERSION = YES;
				CLANG_WARN_OBJC_ROOT_CLASS = YES_ERROR;
				CLANG_WARN_UNREACHABLE_CODE = YES;
				CLANG_WARN__DUPLICATE_METHOD_MATCH = YES;
				COPY_PHASE_STRIP = NO;
				DEBUG_INFORMATION_FORMAT = dwarf;
				ENABLE_STRICT_OBJC_MSGSEND = YES;
				ENABLE_TESTABILITY = YES;
				GCC_C_LANGUAGE_STANDARD = gnu99;
				GCC_DYNAMIC_NO_PIC = NO;
				GCC_NO_COMMON_BLOCKS = YES;
				GCC_OPTIMIZATION_LEVEL = 0;
				GCC_PREPROCESSOR_DEFINITIONS = (
					"DEBUG=1",
					"$(inherited)",
				);
				GCC_WARN_64_TO_32_BIT_CONVERSION = YES;
				GCC_WARN_ABOUT_RETURN_TYPE = YES_ERROR;
				GCC_WARN_UNDECLARED_SELECTOR = YES;
				GCC_WARN_UNINITIALIZED_AUTOS = YES_AGGRESSIVE;
				GCC_WARN_UNUSED_FUNCTION = YES;
				GCC_WARN_UNUSED_VARIABLE = YES;
				MACOSX_DEPLOYMENT_TARGET = 10.10;
				MTL_ENABLE_DEBUG_INFO = YES;
				ONLY_ACTIVE_ARCH = YES;
				SDKROOT = macosx;
			};
			name = Debug;
		};
		697A6D151BDE98BC003581CE /* Release */ = {
			isa = XCBuildConfiguration;
			buildSettings = {
				ALWAYS_SEARCH_USER_PATHS = NO;
				CLANG_CXX_LANGUAGE_STANDARD = "gnu++0x";
				CLANG_CXX_LIBRARY = "libc++";
				CLANG_ENABLE_MODULES = YES;
				CLANG_ENABLE_OBJC_ARC = YES;
				CLANG_WARN_BOOL_CONVERSION = YES;
				CLANG_WARN_CONSTANT_CONVERSION = YES;
				CLANG_WARN_DIRECT_OBJC_ISA_USAGE = YES_ERROR;
				CLANG_WARN_EMPTY_BODY = YES;
				CLANG_WARN_ENUM_CONVERSION = YES;
				CLANG_WARN_INT_CONVERSION = YES;
				CLANG_WARN_OBJC_ROOT_CLASS = YES_ERROR;
				CLANG_WARN_UNREACHABLE_CODE = YES;
				CLANG_WARN__DUPLICATE_METHOD_MATCH = YES;
				COPY_PHASE_STRIP = NO;
				DEBUG_INFORMATION_FORMAT = "dwarf-with-dsym";
				ENABLE_NS_ASSERTIONS = NO;
				ENABLE_STRICT_OBJC_MSGSEND = YES;
				GCC_C_LANGUAGE_STANDARD = gnu99;
				GCC_NO_COMMON_BLOCKS = YES;
				GCC_WARN_64_TO_32_BIT_CONVERSION = YES;
				GCC_WARN_ABOUT_RETURN_TYPE = YES_ERROR;
				GCC_WARN_UNDECLARED_SELECTOR = YES;
				GCC_WARN_UNINITIALIZED_AUTOS = YES_AGGRESSIVE;
				GCC_WARN_UNUSED_FUNCTION = YES;
				GCC_WARN_UNUSED_VARIABLE = YES;
				MACOSX_DEPLOYMENT_TARGET = 10.10;
				MTL_ENABLE_DEBUG_INFO = NO;
				SDKROOT = macosx;
			};
			name = Release;
		};
		697A6D171BDE98BC003581CE /* Debug */ = {
			isa = XCBuildConfiguration;
			buildSettings = {
				PRODUCT_NAME = "$(TARGET_NAME)";
			};
			name = Debug;
		};
		697A6D181BDE98BC003581CE /* Release */ = {
			isa = XCBuildConfiguration;
			buildSettings = {
				PRODUCT_NAME = "$(TARGET_NAME)";
			};
			name = Release;
		};
/* End XCBuildConfiguration section */

/* Begin XCConfigurationList section */
		697A6D0A1BDE98BC003581CE /* Build configuration list for PBXProject "CSCI459Assignment4" */ = {
			isa = XCConfigurationList;
			buildConfigurations = (
				697A6D141BDE98BC003581CE /* Debug */,
				697A6D151BDE98BC003581CE /* Release */,
			);
			defaultConfigurationIsVisible = 0;
			defaultConfigurationName = Release;
		};
		697A6D161BDE98BC003581CE /* Build configuration list for PBXNativeTarget "CSCI459Assignment4" */ = {
			isa = XCConfigurationList;
			buildConfigurations = (
				697A6D171BDE98BC003581CE /* Debug */,
				697A6D181BDE98BC003581CE /* Release */,
			);
			defaultConfigurationIsVisible = 0;
		};
/* End XCConfigurationList section */
	};
	rootObject = 697A6D071BDE98BC003581CE /* Project object */;
}
